
Microsoft Visual Studio Solution File, Format Version 12.00
# Visual Studio Version 17
VisualStudioVersion = 17.6.33801.468
MinimumVisualStudioVersion = 10.0.40219.1
Project("{FAE04EC0-301F-11D3-BF4B-00C04F79EFBC}") = "DotNetDockerTest", "DotNetDockerTest.csproj", "{AE11B4F3-8ED9-4181-BE80-4445B9A3707E}"
EndProject
Global
	GlobalSection(SolutionConfigurationPlatforms) = preSolution
		Debug|Any CPU = Debug|Any CPU
		Release|Any CPU = Release|Any CPU
	EndGlobalSection
	GlobalSection(ProjectConfigurationPlatforms) = postSolution
		{AE11B4F3-8ED9-4181-BE80-4445B9A3707E}.Debug|Any CPU.ActiveCfg = Debug|Any CPU
		{AE11B4F3-8ED9-4181-BE80-4445B9A3707E}.Debug|Any CPU.Build.0 = Debug|Any CPU
		{AE11B4F3-8ED9-4181-BE80-4445B9A3707E}.Release|Any CPU.ActiveCfg = Release|Any CPU
		{AE11B4F3-8ED9-4181-BE80-4445B9A3707E}.Release|Any CPU.Build.0 = Release|Any CPU
	EndGlobalSection
	GlobalSection(SolutionProperties) = preSolution
		HideSolutionNode = FALSE
	EndGlobalSection
	GlobalSection(ExtensibilityGlobals) = postSolution
		SolutionGuid = {69F43B83-E02E-4712-93D8-F469FA2BACFE}
	EndGlobalSection
EndGlobal
